
Microsoft Visual Studio Solution File, Format Version 12.00
# Visual Studio 15
VisualStudioVersion = 15.0.27130.2024
MinimumVisualStudioVersion = 10.0.40219.1
Project("{FAE04EC0-301F-11D3-BF4B-00C04F79EFBC}") = "SavingForASunnyDay", "SavingForASunnyDay\SavingForASunnyDay.csproj", "{19BA8B27-7338-4333-B4EB-36CAC6839AFE}"
EndProject
Global
	GlobalSection(SolutionConfigurationPlatforms) = preSolution
		Debug|Any CPU = Debug|Any CPU
		Release|Any CPU = Release|Any CPU
	EndGlobalSection
	GlobalSection(ProjectConfigurationPlatforms) = postSolution
		{19BA8B27-7338-4333-B4EB-36CAC6839AFE}.Debug|Any CPU.ActiveCfg = Debug|Any CPU
		{19BA8B27-7338-4333-B4EB-36CAC6839AFE}.Debug|Any CPU.Build.0 = Debug|Any CPU
		{19BA8B27-7338-4333-B4EB-36CAC6839AFE}.Release|Any CPU.ActiveCfg = Release|Any CPU
		{19BA8B27-7338-4333-B4EB-36CAC6839AFE}.Release|Any CPU.Build.0 = Release|Any CPU
	EndGlobalSection
	GlobalSection(SolutionProperties) = preSolution
		HideSolutionNode = FALSE
	EndGlobalSection
	GlobalSection(ExtensibilityGlobals) = postSolution
		SolutionGuid = {C06E0A20-41A1-458F-87EF-5D5FF2FF6397}
	EndGlobalSection
EndGlobal
